// !$*UTF8*$!
{
	archiveVersion = 1;
	classes = {
	};
	objectVersion = 50;
	objects = {

/* Begin PBXBuildFile section */
		1804A0312154D67400EB197F /* Constants.swift in Sources */ = {isa = PBXBuildFile; fileRef = 1804A0302154D67400EB197F /* Constants.swift */; };
		1804A0332154D6D800EB197F /* RestClient.swift in Sources */ = {isa = PBXBuildFile; fileRef = 1804A0322154D6D800EB197F /* RestClient.swift */; };
		1804A0352154D79000EB197F /* R5Streaming.framework in Frameworks */ = {isa = PBXBuildFile; fileRef = 1804A0342154D79000EB197F /* R5Streaming.framework */; };
		1804A0372154D7C700EB197F /* CoreFoundation.framework in Frameworks */ = {isa = PBXBuildFile; fileRef = 1804A0362154D7C700EB197F /* CoreFoundation.framework */; };
		1804A0392154D7DA00EB197F /* OpenAL.framework in Frameworks */ = {isa = PBXBuildFile; fileRef = 1804A0382154D7DA00EB197F /* OpenAL.framework */; };
		1804A03B2154D7E500EB197F /* QuartzCore.framework in Frameworks */ = {isa = PBXBuildFile; fileRef = 1804A03A2154D7E500EB197F /* QuartzCore.framework */; };
		1804A03D2154D7EE00EB197F /* VideoToolbox.framework in Frameworks */ = {isa = PBXBuildFile; fileRef = 1804A03C2154D7EE00EB197F /* VideoToolbox.framework */; };
		1804A03F2154D80600EB197F /* libz.tbd in Frameworks */ = {isa = PBXBuildFile; fileRef = 1804A03E2154D80600EB197F /* libz.tbd */; };
		1804A0412154D81C00EB197F /* libbz2.tbd in Frameworks */ = {isa = PBXBuildFile; fileRef = 1804A0402154D81C00EB197F /* libbz2.tbd */; };
		1804A0432154D82900EB197F /* libiconv.tbd in Frameworks */ = {isa = PBXBuildFile; fileRef = 1804A0422154D82900EB197F /* libiconv.tbd */; };
		1804A0452154D83D00EB197F /* libc++.tbd in Frameworks */ = {isa = PBXBuildFile; fileRef = 1804A0442154D83D00EB197F /* libc++.tbd */; };
		1804A0472154F14C00EB197F /* Show.swift in Sources */ = {isa = PBXBuildFile; fileRef = 1804A0462154F14C00EB197F /* Show.swift */; };
		189FF3C22154D0AB00732B85 /* AppDelegate.swift in Sources */ = {isa = PBXBuildFile; fileRef = 189FF3C12154D0AB00732B85 /* AppDelegate.swift */; };
		189FF3C42154D0AB00732B85 /* ViewController.swift in Sources */ = {isa = PBXBuildFile; fileRef = 189FF3C32154D0AB00732B85 /* ViewController.swift */; };
		189FF3C72154D0AB00732B85 /* Main.storyboard in Resources */ = {isa = PBXBuildFile; fileRef = 189FF3C52154D0AB00732B85 /* Main.storyboard */; };
		189FF3CA2154D0AB00732B85 /* SampleListener.xcdatamodeld in Sources */ = {isa = PBXBuildFile; fileRef = 189FF3C82154D0AB00732B85 /* SampleListener.xcdatamodeld */; };
		189FF3CC2154D0AD00732B85 /* Assets.xcassets in Resources */ = {isa = PBXBuildFile; fileRef = 189FF3CB2154D0AD00732B85 /* Assets.xcassets */; };
		189FF3CF2154D0AD00732B85 /* LaunchScreen.storyboard in Resources */ = {isa = PBXBuildFile; fileRef = 189FF3CD2154D0AD00732B85 /* LaunchScreen.storyboard */; };
		18CD887A2158BC7400219F37 /* Reachability.swift in Sources */ = {isa = PBXBuildFile; fileRef = 18CD88792158BC7400219F37 /* Reachability.swift */; };
		3E6E61F4FFB6B59B8905F3DF /* Pods_SampleListener.framework in Frameworks */ = {isa = PBXBuildFile; fileRef = 5B3163571BD37B9AD43B44A5 /* Pods_SampleListener.framework */; };
/* End PBXBuildFile section */

/* Begin PBXFileReference section */
		1804A0302154D67400EB197F /* Constants.swift */ = {isa = PBXFileReference; lastKnownFileType = sourcecode.swift; path = Constants.swift; sourceTree = "<group>"; };
		1804A0322154D6D800EB197F /* RestClient.swift */ = {isa = PBXFileReference; lastKnownFileType = sourcecode.swift; path = RestClient.swift; sourceTree = "<group>"; };
		1804A0342154D79000EB197F /* R5Streaming.framework */ = {isa = PBXFileReference; lastKnownFileType = wrapper.framework; path = R5Streaming.framework; sourceTree = "<group>"; };
		1804A0362154D7C700EB197F /* CoreFoundation.framework */ = {isa = PBXFileReference; lastKnownFileType = wrapper.framework; name = CoreFoundation.framework; path = System/Library/Frameworks/CoreFoundation.framework; sourceTree = SDKROOT; };
		1804A0382154D7DA00EB197F /* OpenAL.framework */ = {isa = PBXFileReference; lastKnownFileType = wrapper.framework; name = OpenAL.framework; path = System/Library/Frameworks/OpenAL.framework; sourceTree = SDKROOT; };
		1804A03A2154D7E500EB197F /* QuartzCore.framework */ = {isa = PBXFileReference; lastKnownFileType = wrapper.framework; name = QuartzCore.framework; path = System/Library/Frameworks/QuartzCore.framework; sourceTree = SDKROOT; };
		1804A03C2154D7EE00EB197F /* VideoToolbox.framework */ = {isa = PBXFileReference; lastKnownFileType = wrapper.framework; name = VideoToolbox.framework; path = System/Library/Frameworks/VideoToolbox.framework; sourceTree = SDKROOT; };
		1804A03E2154D80600EB197F /* libz.tbd */ = {isa = PBXFileReference; lastKnownFileType = "sourcecode.text-based-dylib-definition"; name = libz.tbd; path = usr/lib/libz.tbd; sourceTree = SDKROOT; };
		1804A0402154D81C00EB197F /* libbz2.tbd */ = {isa = PBXFileReference; lastKnownFileType = "sourcecode.text-based-dylib-definition"; name = libbz2.tbd; path = usr/lib/libbz2.tbd; sourceTree = SDKROOT; };
		1804A0422154D82900EB197F /* libiconv.tbd */ = {isa = PBXFileReference; lastKnownFileType = "sourcecode.text-based-dylib-definition"; name = libiconv.tbd; path = usr/lib/libiconv.tbd; sourceTree = SDKROOT; };
		1804A0442154D83D00EB197F /* libc++.tbd */ = {isa = PBXFileReference; lastKnownFileType = "sourcecode.text-based-dylib-definition"; name = "libc++.tbd"; path = "usr/lib/libc++.tbd"; sourceTree = SDKROOT; };
		1804A0462154F14C00EB197F /* Show.swift */ = {isa = PBXFileReference; lastKnownFileType = sourcecode.swift; path = Show.swift; sourceTree = "<group>"; };
		189FF3BE2154D0AB00732B85 /* SampleListener.app */ = {isa = PBXFileReference; explicitFileType = wrapper.application; includeInIndex = 0; path = SampleListener.app; sourceTree = BUILT_PRODUCTS_DIR; };
		189FF3C12154D0AB00732B85 /* AppDelegate.swift */ = {isa = PBXFileReference; lastKnownFileType = sourcecode.swift; path = AppDelegate.swift; sourceTree = "<group>"; };
		189FF3C32154D0AB00732B85 /* ViewController.swift */ = {isa = PBXFileReference; lastKnownFileType = sourcecode.swift; path = ViewController.swift; sourceTree = "<group>"; };
		189FF3C62154D0AB00732B85 /* Base */ = {isa = PBXFileReference; lastKnownFileType = file.storyboard; name = Base; path = Base.lproj/Main.storyboard; sourceTree = "<group>"; };
		189FF3C92154D0AB00732B85 /* SampleListener.xcdatamodel */ = {isa = PBXFileReference; lastKnownFileType = wrapper.xcdatamodel; path = SampleListener.xcdatamodel; sourceTree = "<group>"; };
		189FF3CB2154D0AD00732B85 /* Assets.xcassets */ = {isa = PBXFileReference; lastKnownFileType = folder.assetcatalog; path = Assets.xcassets; sourceTree = "<group>"; };
		189FF3CE2154D0AD00732B85 /* Base */ = {isa = PBXFileReference; lastKnownFileType = file.storyboard; name = Base; path = Base.lproj/LaunchScreen.storyboard; sourceTree = "<group>"; };
		189FF3D02154D0AD00732B85 /* Info.plist */ = {isa = PBXFileReference; lastKnownFileType = text.plist.xml; path = Info.plist; sourceTree = "<group>"; };
		18CD88792158BC7400219F37 /* Reachability.swift */ = {isa = PBXFileReference; fileEncoding = 4; lastKnownFileType = sourcecode.swift; path = Reachability.swift; sourceTree = "<group>"; };
		3B9A18574DDE48D30288585C /* Pods-SampleListener.release.xcconfig */ = {isa = PBXFileReference; includeInIndex = 1; lastKnownFileType = text.xcconfig; name = "Pods-SampleListener.release.xcconfig"; path = "Pods/Target Support Files/Pods-SampleListener/Pods-SampleListener.release.xcconfig"; sourceTree = "<group>"; };
		41C18F7A6C0EC09B78C2E495 /* Pods-SampleListener.debug.xcconfig */ = {isa = PBXFileReference; includeInIndex = 1; lastKnownFileType = text.xcconfig; name = "Pods-SampleListener.debug.xcconfig"; path = "Pods/Target Support Files/Pods-SampleListener/Pods-SampleListener.debug.xcconfig"; sourceTree = "<group>"; };
		5B3163571BD37B9AD43B44A5 /* Pods_SampleListener.framework */ = {isa = PBXFileReference; explicitFileType = wrapper.framework; includeInIndex = 0; path = Pods_SampleListener.framework; sourceTree = BUILT_PRODUCTS_DIR; };
/* End PBXFileReference section */

/* Begin PBXFrameworksBuildPhase section */
		189FF3BB2154D0AB00732B85 /* Frameworks */ = {
			isa = PBXFrameworksBuildPhase;
			buildActionMask = 2147483647;
			files = (
				1804A0452154D83D00EB197F /* libc++.tbd in Frameworks */,
				1804A0432154D82900EB197F /* libiconv.tbd in Frameworks */,
				1804A0412154D81C00EB197F /* libbz2.tbd in Frameworks */,
				1804A03F2154D80600EB197F /* libz.tbd in Frameworks */,
				1804A03D2154D7EE00EB197F /* VideoToolbox.framework in Frameworks */,
				1804A03B2154D7E500EB197F /* QuartzCore.framework in Frameworks */,
				1804A0392154D7DA00EB197F /* OpenAL.framework in Frameworks */,
				1804A0372154D7C700EB197F /* CoreFoundation.framework in Frameworks */,
				1804A0352154D79000EB197F /* R5Streaming.framework in Frameworks */,
				3E6E61F4FFB6B59B8905F3DF /* Pods_SampleListener.framework in Frameworks */,
			);
			runOnlyForDeploymentPostprocessing = 0;
		};
/* End PBXFrameworksBuildPhase section */

/* Begin PBXGroup section */
		1804A02F2154D65000EB197F /* Service */ = {
			isa = PBXGroup;
			children = (
				18CD88792158BC7400219F37 /* Reachability.swift */,
				1804A0302154D67400EB197F /* Constants.swift */,
				1804A0322154D6D800EB197F /* RestClient.swift */,
				1804A0462154F14C00EB197F /* Show.swift */,
			);
			path = Service;
			sourceTree = "<group>";
		};
		189FF3B52154D0AB00732B85 = {
			isa = PBXGroup;
			children = (
				189FF3C02154D0AB00732B85 /* SampleListener */,
				189FF3BF2154D0AB00732B85 /* Products */,
				F655F480E37E52683EA91F44 /* Pods */,
				C151AE49A9C235E078A940F1 /* Frameworks */,
			);
			sourceTree = "<group>";
		};
		189FF3BF2154D0AB00732B85 /* Products */ = {
			isa = PBXGroup;
			children = (
				189FF3BE2154D0AB00732B85 /* SampleListener.app */,
			);
			name = Products;
			sourceTree = "<group>";
		};
		189FF3C02154D0AB00732B85 /* SampleListener */ = {
			isa = PBXGroup;
			children = (
				1804A02F2154D65000EB197F /* Service */,
				189FF3C12154D0AB00732B85 /* AppDelegate.swift */,
				189FF3C32154D0AB00732B85 /* ViewController.swift */,
				189FF3C52154D0AB00732B85 /* Main.storyboard */,
				189FF3CB2154D0AD00732B85 /* Assets.xcassets */,
				189FF3CD2154D0AD00732B85 /* LaunchScreen.storyboard */,
				189FF3D02154D0AD00732B85 /* Info.plist */,
				189FF3C82154D0AB00732B85 /* SampleListener.xcdatamodeld */,
			);
			path = SampleListener;
			sourceTree = "<group>";
		};
		C151AE49A9C235E078A940F1 /* Frameworks */ = {
			isa = PBXGroup;
			children = (
				1804A0442154D83D00EB197F /* libc++.tbd */,
				1804A0422154D82900EB197F /* libiconv.tbd */,
				1804A0402154D81C00EB197F /* libbz2.tbd */,
				1804A03E2154D80600EB197F /* libz.tbd */,
				1804A03C2154D7EE00EB197F /* VideoToolbox.framework */,
				1804A03A2154D7E500EB197F /* QuartzCore.framework */,
				1804A0382154D7DA00EB197F /* OpenAL.framework */,
				1804A0362154D7C700EB197F /* CoreFoundation.framework */,
				1804A0342154D79000EB197F /* R5Streaming.framework */,
				5B3163571BD37B9AD43B44A5 /* Pods_SampleListener.framework */,
			);
			name = Frameworks;
			sourceTree = "<group>";
		};
		F655F480E37E52683EA91F44 /* Pods */ = {
			isa = PBXGroup;
			children = (
				41C18F7A6C0EC09B78C2E495 /* Pods-SampleListener.debug.xcconfig */,
				3B9A18574DDE48D30288585C /* Pods-SampleListener.release.xcconfig */,
			);
			name = Pods;
			sourceTree = "<group>";
		};
/* End PBXGroup section */

/* Begin PBXNativeTarget section */
		189FF3BD2154D0AB00732B85 /* SampleListener */ = {
			isa = PBXNativeTarget;
			buildConfigurationList = 189FF3D32154D0AD00732B85 /* Build configuration list for PBXNativeTarget "SampleListener" */;
			buildPhases = (
				BE37A4008B2AB6885A58B570 /* [CP] Check Pods Manifest.lock */,
				189FF3BA2154D0AB00732B85 /* Sources */,
				189FF3BB2154D0AB00732B85 /* Frameworks */,
				189FF3BC2154D0AB00732B85 /* Resources */,
				D99E63612CB13FACE977A189 /* [CP] Embed Pods Frameworks */,
				E0BB7E56205644987FF70F0E /* [CP] Copy Pods Resources */,
			);
			buildRules = (
			);
			dependencies = (
			);
			name = SampleListener;
			productName = SampleListener;
			productReference = 189FF3BE2154D0AB00732B85 /* SampleListener.app */;
			productType = "com.apple.product-type.application";
		};
/* End PBXNativeTarget section */

/* Begin PBXProject section */
		189FF3B62154D0AB00732B85 /* Project object */ = {
			isa = PBXProject;
			attributes = {
				LastSwiftUpdateCheck = 1000;
				LastUpgradeCheck = 1000;
				ORGANIZATIONNAME = katol;
				TargetAttributes = {
					189FF3BD2154D0AB00732B85 = {
						CreatedOnToolsVersion = 10.0;
					};
				};
			};
			buildConfigurationList = 189FF3B92154D0AB00732B85 /* Build configuration list for PBXProject "SampleListener" */;
			compatibilityVersion = "Xcode 9.3";
			developmentRegion = en;
			hasScannedForEncodings = 0;
			knownRegions = (
				en,
				Base,
			);
			mainGroup = 189FF3B52154D0AB00732B85;
			productRefGroup = 189FF3BF2154D0AB00732B85 /* Products */;
			projectDirPath = "";
			projectRoot = "";
			targets = (
				189FF3BD2154D0AB00732B85 /* SampleListener */,
			);
		};
/* End PBXProject section */

/* Begin PBXResourcesBuildPhase section */
		189FF3BC2154D0AB00732B85 /* Resources */ = {
			isa = PBXResourcesBuildPhase;
			buildActionMask = 2147483647;
			files = (
				189FF3CF2154D0AD00732B85 /* LaunchScreen.storyboard in Resources */,
				189FF3CC2154D0AD00732B85 /* Assets.xcassets in Resources */,
				189FF3C72154D0AB00732B85 /* Main.storyboard in Resources */,
			);
			runOnlyForDeploymentPostprocessing = 0;
		};
/* End PBXResourcesBuildPhase section */

/* Begin PBXShellScriptBuildPhase section */
		BE37A4008B2AB6885A58B570 /* [CP] Check Pods Manifest.lock */ = {
			isa = PBXShellScriptBuildPhase;
			buildActionMask = 2147483647;
			files = (
			);
			inputFileListPaths = (
			);
			inputPaths = (
				"${PODS_PODFILE_DIR_PATH}/Podfile.lock",
				"${PODS_ROOT}/Manifest.lock",
			);
			name = "[CP] Check Pods Manifest.lock";
			outputFileListPaths = (
			);
			outputPaths = (
				"$(DERIVED_FILE_DIR)/Pods-SampleListener-checkManifestLockResult.txt",
			);
			runOnlyForDeploymentPostprocessing = 0;
			shellPath = /bin/sh;
			shellScript = "diff \"${PODS_PODFILE_DIR_PATH}/Podfile.lock\" \"${PODS_ROOT}/Manifest.lock\" > /dev/null\nif [ $? != 0 ] ; then\n    # print error to STDERR\n    echo \"error: The sandbox is not in sync with the Podfile.lock. Run 'pod install' or update your CocoaPods installation.\" >&2\n    exit 1\nfi\n# This output is used by Xcode 'outputs' to avoid re-running this script phase.\necho \"SUCCESS\" > \"${SCRIPT_OUTPUT_FILE_0}\"\n";
			showEnvVarsInLog = 0;
		};
		D99E63612CB13FACE977A189 /* [CP] Embed Pods Frameworks */ = {
			isa = PBXShellScriptBuildPhase;
			buildActionMask = 2147483647;
			files = (
			);
			inputFileListPaths = (
			);
			inputPaths = (
				"${SRCROOT}/Pods/Target Support Files/Pods-SampleListener/Pods-SampleListener-frameworks.sh",
				"${BUILT_PRODUCTS_DIR}/Alamofire/Alamofire.framework",
				"${BUILT_PRODUCTS_DIR}/MBProgressHUD/MBProgressHUD.framework",
				"${BUILT_PRODUCTS_DIR}/SwiftyJSON/SwiftyJSON.framework",
			);
			name = "[CP] Embed Pods Frameworks";
			outputFileListPaths = (
			);
			outputPaths = (
				"${TARGET_BUILD_DIR}/${FRAMEWORKS_FOLDER_PATH}/Alamofire.framework",
				"${TARGET_BUILD_DIR}/${FRAMEWORKS_FOLDER_PATH}/MBProgressHUD.framework",
				"${TARGET_BUILD_DIR}/${FRAMEWORKS_FOLDER_PATH}/SwiftyJSON.framework",
			);
			runOnlyForDeploymentPostprocessing = 0;
			shellPath = /bin/sh;
			shellScript = "\"${SRCROOT}/Pods/Target Support Files/Pods-SampleListener/Pods-SampleListener-frameworks.sh\"\n";
			showEnvVarsInLog = 0;
		};
		E0BB7E56205644987FF70F0E /* [CP] Copy Pods Resources */ = {
			isa = PBXShellScriptBuildPhase;
			buildActionMask = 2147483647;
			files = (
			);
			inputFileListPaths = (
			);
			inputPaths = (
			);
			name = "[CP] Copy Pods Resources";
			outputFileListPaths = (
			);
			outputPaths = (
			);
			runOnlyForDeploymentPostprocessing = 0;
			shellPath = /bin/sh;
			shellScript = "\"${SRCROOT}/Pods/Target Support Files/Pods-SampleListener/Pods-SampleListener-resources.sh\"\n";
			showEnvVarsInLog = 0;
		};
/* End PBXShellScriptBuildPhase section */

/* Begin PBXSourcesBuildPhase section */
		189FF3BA2154D0AB00732B85 /* Sources */ = {
			isa = PBXSourcesBuildPhase;
			buildActionMask = 2147483647;
			files = (
				18CD887A2158BC7400219F37 /* Reachability.swift in Sources */,
				1804A0472154F14C00EB197F /* Show.swift in Sources */,
				189FF3C42154D0AB00732B85 /* ViewController.swift in Sources */,
				189FF3CA2154D0AB00732B85 /* SampleListener.xcdatamodeld in Sources */,
				189FF3C22154D0AB00732B85 /* AppDelegate.swift in Sources */,
				1804A0332154D6D800EB197F /* RestClient.swift in Sources */,
				1804A0312154D67400EB197F /* Constants.swift in Sources */,
			);
			runOnlyForDeploymentPostprocessing = 0;
		};
/* End PBXSourcesBuildPhase section */

/* Begin PBXVariantGroup section */
		189FF3C52154D0AB00732B85 /* Main.storyboard */ = {
			isa = PBXVariantGroup;
			children = (
				189FF3C62154D0AB00732B85 /* Base */,
			);
			name = Main.storyboard;
			sourceTree = "<group>";
		};
		189FF3CD2154D0AD00732B85 /* LaunchScreen.storyboard */ = {
			isa = PBXVariantGroup;
			children = (
				189FF3CE2154D0AD00732B85 /* Base */,
			);
			name = LaunchScreen.storyboard;
			sourceTree = "<group>";
		};
/* End PBXVariantGroup section */

/* Begin XCBuildConfiguration section */
		189FF3D12154D0AD00732B85 /* Debug */ = {
			isa = XCBuildConfiguration;
			buildSettings = {
				ALWAYS_SEARCH_USER_PATHS = NO;
				CLANG_ANALYZER_NONNULL = YES;
				CLANG_ANALYZER_NUMBER_OBJECT_CONVERSION = YES_AGGRESSIVE;
				CLANG_CXX_LANGUAGE_STANDARD = "gnu++14";
				CLANG_CXX_LIBRARY = "libc++";
				CLANG_ENABLE_MODULES = YES;
				CLANG_ENABLE_OBJC_ARC = YES;
				CLANG_ENABLE_OBJC_WEAK = YES;
				CLANG_WARN_BLOCK_CAPTURE_AUTORELEASING = YES;
				CLANG_WARN_BOOL_CONVERSION = YES;
				CLANG_WARN_COMMA = YES;
				CLANG_WARN_CONSTANT_CONVERSION = YES;
				CLANG_WARN_DEPRECATED_OBJC_IMPLEMENTATIONS = YES;
				CLANG_WARN_DIRECT_OBJC_ISA_USAGE = YES_ERROR;
				CLANG_WARN_DOCUMENTATION_COMMENTS = YES;
				CLANG_WARN_EMPTY_BODY = YES;
				CLANG_WARN_ENUM_CONVERSION = YES;
				CLANG_WARN_INFINITE_RECURSION = YES;
				CLANG_WARN_INT_CONVERSION = YES;
				CLANG_WARN_NON_LITERAL_NULL_CONVERSION = YES;
				CLANG_WARN_OBJC_IMPLICIT_RETAIN_SELF = YES;
				CLANG_WARN_OBJC_LITERAL_CONVERSION = YES;
				CLANG_WARN_OBJC_ROOT_CLASS = YES_ERROR;
				CLANG_WARN_RANGE_LOOP_ANALYSIS = YES;
				CLANG_WARN_STRICT_PROTOTYPES = YES;
				CLANG_WARN_SUSPICIOUS_MOVE = YES;
				CLANG_WARN_UNGUARDED_AVAILABILITY = YES_AGGRESSIVE;
				CLANG_WARN_UNREACHABLE_CODE = YES;
				CLANG_WARN__DUPLICATE_METHOD_MATCH = YES;
				CODE_SIGN_IDENTITY = "iPhone Developer";
				COPY_PHASE_STRIP = NO;
				DEBUG_INFORMATION_FORMAT = dwarf;
				ENABLE_STRICT_OBJC_MSGSEND = YES;
				ENABLE_TESTABILITY = YES;
				GCC_C_LANGUAGE_STANDARD = gnu11;
				GCC_DYNAMIC_NO_PIC = NO;
				GCC_NO_COMMON_BLOCKS = YES;
				GCC_OPTIMIZATION_LEVEL = 0;
				GCC_PREPROCESSOR_DEFINITIONS = (
					"DEBUG=1",
					"$(inherited)",
				);
				GCC_WARN_64_TO_32_BIT_CONVERSION = YES;
				GCC_WARN_ABOUT_RETURN_TYPE = YES_ERROR;
				GCC_WARN_UNDECLARED_SELECTOR = YES;
				GCC_WARN_UNINITIALIZED_AUTOS = YES_AGGRESSIVE;
				GCC_WARN_UNUSED_FUNCTION = YES;
				GCC_WARN_UNUSED_VARIABLE = YES;
				IPHONEOS_DEPLOYMENT_TARGET = 10.3;
				MTL_ENABLE_DEBUG_INFO = INCLUDE_SOURCE;
				MTL_FAST_MATH = YES;
				ONLY_ACTIVE_ARCH = YES;
				SDKROOT = iphoneos;
				SWIFT_ACTIVE_COMPILATION_CONDITIONS = DEBUG;
				SWIFT_OPTIMIZATION_LEVEL = "-Onone";
			};
			name = Debug;
		};
		189FF3D22154D0AD00732B85 /* Release */ = {
			isa = XCBuildConfiguration;
			buildSettings = {
				ALWAYS_SEARCH_USER_PATHS = NO;
				CLANG_ANALYZER_NONNULL = YES;
				CLANG_ANALYZER_NUMBER_OBJECT_CONVERSION = YES_AGGRESSIVE;
				CLANG_CXX_LANGUAGE_STANDARD = "gnu++14";
				CLANG_CXX_LIBRARY = "libc++";
				CLANG_ENABLE_MODULES = YES;
				CLANG_ENABLE_OBJC_ARC = YES;
				CLANG_ENABLE_OBJC_WEAK = YES;
				CLANG_WARN_BLOCK_CAPTURE_AUTORELEASING = YES;
				CLANG_WARN_BOOL_CONVERSION = YES;
				CLANG_WARN_COMMA = YES;
				CLANG_WARN_CONSTANT_CONVERSION = YES;
				CLANG_WARN_DEPRECATED_OBJC_IMPLEMENTATIONS = YES;
				CLANG_WARN_DIRECT_OBJC_ISA_USAGE = YES_ERROR;
				CLANG_WARN_DOCUMENTATION_COMMENTS = YES;
				CLANG_WARN_EMPTY_BODY = YES;
				CLANG_WARN_ENUM_CONVERSION = YES;
				CLANG_WARN_INFINITE_RECURSION = YES;
				CLANG_WARN_INT_CONVERSION = YES;
				CLANG_WARN_NON_LITERAL_NULL_CONVERSION = YES;
				CLANG_WARN_OBJC_IMPLICIT_RETAIN_SELF = YES;
				CLANG_WARN_OBJC_LITERAL_CONVERSION = YES;
				CLANG_WARN_OBJC_ROOT_CLASS = YES_ERROR;
				CLANG_WARN_RANGE_LOOP_ANALYSIS = YES;
				CLANG_WARN_STRICT_PROTOTYPES = YES;
				CLANG_WARN_SUSPICIOUS_MOVE = YES;
				CLANG_WARN_UNGUARDED_AVAILABILITY = YES_AGGRESSIVE;
				CLANG_WARN_UNREACHABLE_CODE = YES;
				CLANG_WARN__DUPLICATE_METHOD_MATCH = YES;
				CODE_SIGN_IDENTITY = "iPhone Developer";
				COPY_PHASE_STRIP = NO;
				DEBUG_INFORMATION_FORMAT = "dwarf-with-dsym";
				ENABLE_NS_ASSERTIONS = NO;
				ENABLE_STRICT_OBJC_MSGSEND = YES;
				GCC_C_LANGUAGE_STANDARD = gnu11;
				GCC_NO_COMMON_BLOCKS = YES;
				GCC_WARN_64_TO_32_BIT_CONVERSION = YES;
				GCC_WARN_ABOUT_RETURN_TYPE = YES_ERROR;
				GCC_WARN_UNDECLARED_SELECTOR = YES;
				GCC_WARN_UNINITIALIZED_AUTOS = YES_AGGRESSIVE;
				GCC_WARN_UNUSED_FUNCTION = YES;
				GCC_WARN_UNUSED_VARIABLE = YES;
				IPHONEOS_DEPLOYMENT_TARGET = 10.3;
				MTL_ENABLE_DEBUG_INFO = NO;
				MTL_FAST_MATH = YES;
				SDKROOT = iphoneos;
				SWIFT_COMPILATION_MODE = wholemodule;
				SWIFT_OPTIMIZATION_LEVEL = "-O";
				VALIDATE_PRODUCT = YES;
			};
			name = Release;
		};
		189FF3D42154D0AD00732B85 /* Debug */ = {
			isa = XCBuildConfiguration;
			baseConfigurationReference = 41C18F7A6C0EC09B78C2E495 /* Pods-SampleListener.debug.xcconfig */;
			buildSettings = {
				ASSETCATALOG_COMPILER_APPICON_NAME = AppIcon;
				CODE_SIGN_STYLE = Automatic;
				DEVELOPMENT_TEAM = CR8S4TQT2Q;
				FRAMEWORK_SEARCH_PATHS = (
					"$(inherited)",
					"$(PROJECT_DIR)",
				);
				INFOPLIST_FILE = SampleListener/Info.plist;
				LD_RUNPATH_SEARCH_PATHS = (
					"$(inherited)",
					"@executable_path/Frameworks",
				);
				PRODUCT_BUNDLE_IDENTIFIER = com.regroupteam.SampleListener;
				PRODUCT_NAME = "$(TARGET_NAME)";
				SWIFT_VERSION = 4.2;
				TARGETED_DEVICE_FAMILY = "1,2";
			};
			name = Debug;
		};
		189FF3D52154D0AD00732B85 /* Release */ = {
			isa = XCBuildConfiguration;
			baseConfigurationReference = 3B9A18574DDE48D30288585C /* Pods-SampleListener.release.xcconfig */;
			buildSettings = {
				ASSETCATALOG_COMPILER_APPICON_NAME = AppIcon;
				CODE_SIGN_STYLE = Automatic;
				DEVELOPMENT_TEAM = CR8S4TQT2Q;
				FRAMEWORK_SEARCH_PATHS = (
					"$(inherited)",
					"$(PROJECT_DIR)",
				);
				INFOPLIST_FILE = SampleListener/Info.plist;
				LD_RUNPATH_SEARCH_PATHS = (
					"$(inherited)",
					"@executable_path/Frameworks",
				);
				PRODUCT_BUNDLE_IDENTIFIER = com.regroupteam.SampleListener;
				PRODUCT_NAME = "$(TARGET_NAME)";
				SWIFT_VERSION = 4.2;
				TARGETED_DEVICE_FAMILY = "1,2";
			};
			name = Release;
		};
/* End XCBuildConfiguration section */

/* Begin XCConfigurationList section */
		189FF3B92154D0AB00732B85 /* Build configuration list for PBXProject "SampleListener" */ = {
			isa = XCConfigurationList;
			buildConfigurations = (
				189FF3D12154D0AD00732B85 /* Debug */,
				189FF3D22154D0AD00732B85 /* Release */,
			);
			defaultConfigurationIsVisible = 0;
			defaultConfigurationName = Release;
		};
		189FF3D32154D0AD00732B85 /* Build configuration list for PBXNativeTarget "SampleListener" */ = {
			isa = XCConfigurationList;
			buildConfigurations = (
				189FF3D42154D0AD00732B85 /* Debug */,
				189FF3D52154D0AD00732B85 /* Release */,
			);
			defaultConfigurationIsVisible = 0;
			defaultConfigurationName = Release;
		};
/* End XCConfigurationList section */

/* Begin XCVersionGroup section */
		189FF3C82154D0AB00732B85 /* SampleListener.xcdatamodeld */ = {
			isa = XCVersionGroup;
			children = (
				189FF3C92154D0AB00732B85 /* SampleListener.xcdatamodel */,
			);
			currentVersion = 189FF3C92154D0AB00732B85 /* SampleListener.xcdatamodel */;
			path = SampleListener.xcdatamodeld;
			sourceTree = "<group>";
			versionGroupType = wrapper.xcdatamodel;
		};
/* End XCVersionGroup section */
	};
	rootObject = 189FF3B62154D0AB00732B85 /* Project object */;
}
